{
  "name": "@deanjgrey/wretch-proxy",
  "version": "1.0.2",
  "lockfileVersion": 3,
  "requires": true,
  "packages": {
    "": {
      "name": "@deanjgrey/wretch-proxy",
      "version": "1.0.2",
      "license": "ISC",
      "dependencies": {
        "wretch": "^2.3.2"
      }
    },
    "node_modules/wretch": {
      "version": "2.3.2",
      "resolved": "https://registry.npmjs.org/wretch/-/wretch-2.3.2.tgz",
      "integrity": "sha512-brN97Z2Mwed+w5z+keYI1u5OwWhPIaW0sJi9CxtKBVxLc3aqP6j1+2FCoIskM7WJq6SUHdxTFx20ox0iDLa0mQ==",
      "engines": {
        "node": ">=14"
      }
    }
  }
}
